
Microsoft Visual Studio Solution File, Format Version 12.00
# Visual Studio Version 16
VisualStudioVersion = 16.0.30717.126
MinimumVisualStudioVersion = 10.0.40219.1
Project("{FAE04EC0-301F-11D3-BF4B-00C04F79EFBC}") = "LottoPicker.UWP", "LottoPicker.UWP\LottoPicker.UWP.csproj", "{9940FC7E-423E-4DD7-888F-726FA6772848}"
EndProject
Project("{FAE04EC0-301F-11D3-BF4B-00C04F79EFBC}") = "LottoPicker.Android", "LottoPicker.Android\LottoPicker.Android.csproj", "{FCE514A2-47DF-42DF-BF7D-DE9DC2512B60}"
EndProject
Project("{FAE04EC0-301F-11D3-BF4B-00C04F79EFBC}") = "LottoPicker.iOS", "LottoPicker.iOS\LottoPicker.iOS.csproj", "{BA334ED1-35F3-4F27-8947-4A37A1703AC6}"
EndProject
Project("{9A19103F-16F7-4668-BE54-9A1E7A4F7556}") = "LottoPicker", "LottoPicker\LottoPicker.csproj", "{B63FCDD5-9F21-4515-AA4D-E7EDB21EEF93}"
EndProject
Project("{2150E333-8FDC-42A3-9474-1A3956D46DE8}") = "Services", "Services", "{1F029789-F5E0-4F90-8637-DF1F0EA07A99}"
EndProject
Project("{9A19103F-16F7-4668-BE54-9A1E7A4F7556}") = "LottoPicker.Service", "LottoPicker.Service\LottoPicker.Service.csproj", "{469505BA-E830-4185-85A7-5A0315023485}"
EndProject
Project("{FAE04EC0-301F-11D3-BF4B-00C04F79EFBC}") = "LottoPicker.Lists", "LottoPicker.Lists\LottoPicker.Lists.csproj", "{893A088A-0233-4EBE-B63F-3230EED84CEA}"
EndProject
Project("{2150E333-8FDC-42A3-9474-1A3956D46DE8}") = "Tests", "Tests", "{A083E01A-BB88-4400-877D-6E592829B463}"
EndProject
Project("{2150E333-8FDC-42A3-9474-1A3956D46DE8}") = "UnitTests", "UnitTests", "{AB549F83-812F-4A82-B7A4-18FCF1FEDF7B}"
EndProject
Project("{2150E333-8FDC-42A3-9474-1A3956D46DE8}") = "IntegrationTests", "IntegrationTests", "{09F1CCAE-9498-45CE-9E12-FD175A1177E8}"
EndProject
Project("{FAE04EC0-301F-11D3-BF4B-00C04F79EFBC}") = "LottoPicker.IntegrationTests", "LottoPicker.IntegrationTests\LottoPicker.IntegrationTests.csproj", "{8D66EF16-DEC8-4E08-9DBA-588708A409F1}"
EndProject
Project("{FAE04EC0-301F-11D3-BF4B-00C04F79EFBC}") = "LottoPicker.UnitTests", "LottoPicker.UnitTests\LottoPicker.UnitTests.csproj", "{B8105B21-B42A-4062-A4E2-76250FB2A165}"
EndProject
Project("{2150E333-8FDC-42A3-9474-1A3956D46DE8}") = "Common", "Common", "{A2E751CA-D1F3-4759-A345-364391564429}"
EndProject
Project("{FAE04EC0-301F-11D3-BF4B-00C04F79EFBC}") = "LottoPicker.Common", "LottoPicker.Common\LottoPicker.Common.csproj", "{69FA1C26-86D9-4BB8-A85F-13E23C97E7E1}"
EndProject
Project("{FAE04EC0-301F-11D3-BF4B-00C04F79EFBC}") = "LottoPicker.Sorting", "LottoPicker.Sorting\LottoPicker.Sorting.csproj", "{C9C07B60-6F78-4356-9A53-D86C2AC5A6CF}"
EndProject
Global
	GlobalSection(SolutionConfigurationPlatforms) = preSolution
		Debug|Any CPU = Debug|Any CPU
		Debug|ARM = Debug|ARM
		Debug|iPhone = Debug|iPhone
		Debug|iPhoneSimulator = Debug|iPhoneSimulator
		Debug|x64 = Debug|x64
		Debug|x86 = Debug|x86
		Release|Any CPU = Release|Any CPU
		Release|ARM = Release|ARM
		Release|iPhone = Release|iPhone
		Release|iPhoneSimulator = Release|iPhoneSimulator
		Release|x64 = Release|x64
		Release|x86 = Release|x86
	EndGlobalSection
	GlobalSection(ProjectConfigurationPlatforms) = postSolution
		{9940FC7E-423E-4DD7-888F-726FA6772848}.Debug|Any CPU.ActiveCfg = Debug|x86
		{9940FC7E-423E-4DD7-888F-726FA6772848}.Debug|Any CPU.Build.0 = Debug|x86
		{9940FC7E-423E-4DD7-888F-726FA6772848}.Debug|Any CPU.Deploy.0 = Debug|x86
		{9940FC7E-423E-4DD7-888F-726FA6772848}.Debug|ARM.ActiveCfg = Debug|ARM
		{9940FC7E-423E-4DD7-888F-726FA6772848}.Debug|ARM.Build.0 = Debug|ARM
		{9940FC7E-423E-4DD7-888F-726FA6772848}.Debug|ARM.Deploy.0 = Debug|ARM
		{9940FC7E-423E-4DD7-888F-726FA6772848}.Debug|iPhone.ActiveCfg = Debug|x86
		{9940FC7E-423E-4DD7-888F-726FA6772848}.Debug|iPhone.Build.0 = Debug|x86
		{9940FC7E-423E-4DD7-888F-726FA6772848}.Debug|iPhone.Deploy.0 = Debug|x86
		{9940FC7E-423E-4DD7-888F-726FA6772848}.Debug|iPhoneSimulator.ActiveCfg = Debug|x86
		{9940FC7E-423E-4DD7-888F-726FA6772848}.Debug|iPhoneSimulator.Build.0 = Debug|x86
		{9940FC7E-423E-4DD7-888F-726FA6772848}.Debug|iPhoneSimulator.Deploy.0 = Debug|x86
		{9940FC7E-423E-4DD7-888F-726FA6772848}.Debug|x64.ActiveCfg = Debug|x64
		{9940FC7E-423E-4DD7-888F-726FA6772848}.Debug|x64.Build.0 = Debug|x64
		{9940FC7E-423E-4DD7-888F-726FA6772848}.Debug|x64.Deploy.0 = Debug|x64
		{9940FC7E-423E-4DD7-888F-726FA6772848}.Debug|x86.ActiveCfg = Debug|x86
		{9940FC7E-423E-4DD7-888F-726FA6772848}.Debug|x86.Build.0 = Debug|x86
		{9940FC7E-423E-4DD7-888F-726FA6772848}.Debug|x86.Deploy.0 = Debug|x86
		{9940FC7E-423E-4DD7-888F-726FA6772848}.Release|Any CPU.ActiveCfg = Release|x86
		{9940FC7E-423E-4DD7-888F-726FA6772848}.Release|Any CPU.Build.0 = Release|x86
		{9940FC7E-423E-4DD7-888F-726FA6772848}.Release|Any CPU.Deploy.0 = Release|x86
		{9940FC7E-423E-4DD7-888F-726FA6772848}.Release|ARM.ActiveCfg = Release|ARM
		{9940FC7E-423E-4DD7-888F-726FA6772848}.Release|ARM.Build.0 = Release|ARM
		{9940FC7E-423E-4DD7-888F-726FA6772848}.Release|ARM.Deploy.0 = Release|ARM
		{9940FC7E-423E-4DD7-888F-726FA6772848}.Release|iPhone.ActiveCfg = Release|x86
		{9940FC7E-423E-4DD7-888F-726FA6772848}.Release|iPhone.Build.0 = Release|x86
		{9940FC7E-423E-4DD7-888F-726FA6772848}.Release|iPhone.Deploy.0 = Release|x86
		{9940FC7E-423E-4DD7-888F-726FA6772848}.Release|iPhoneSimulator.ActiveCfg = Release|x86
		{9940FC7E-423E-4DD7-888F-726FA6772848}.Release|iPhoneSimulator.Build.0 = Release|x86
		{9940FC7E-423E-4DD7-888F-726FA6772848}.Release|iPhoneSimulator.Deploy.0 = Release|x86
		{9940FC7E-423E-4DD7-888F-726FA6772848}.Release|x64.ActiveCfg = Release|x64
		{9940FC7E-423E-4DD7-888F-726FA6772848}.Release|x64.Build.0 = Release|x64
		{9940FC7E-423E-4DD7-888F-726FA6772848}.Release|x64.Deploy.0 = Release|x64
		{9940FC7E-423E-4DD7-888F-726FA6772848}.Release|x86.ActiveCfg = Release|x86
		{9940FC7E-423E-4DD7-888F-726FA6772848}.Release|x86.Build.0 = Release|x86
		{9940FC7E-423E-4DD7-888F-726FA6772848}.Release|x86.Deploy.0 = Release|x86
		{FCE514A2-47DF-42DF-BF7D-DE9DC2512B60}.Debug|Any CPU.ActiveCfg = Debug|Any CPU
		{FCE514A2-47DF-42DF-BF7D-DE9DC2512B60}.Debug|Any CPU.Build.0 = Debug|Any CPU
		{FCE514A2-47DF-42DF-BF7D-DE9DC2512B60}.Debug|Any CPU.Deploy.0 = Debug|Any CPU
		{FCE514A2-47DF-42DF-BF7D-DE9DC2512B60}.Debug|ARM.ActiveCfg = Debug|Any CPU
		{FCE514A2-47DF-42DF-BF7D-DE9DC2512B60}.Debug|ARM.Build.0 = Debug|Any CPU
		{FCE514A2-47DF-42DF-BF7D-DE9DC2512B60}.Debug|ARM.Deploy.0 = Debug|Any CPU
		{FCE514A2-47DF-42DF-BF7D-DE9DC2512B60}.Debug|iPhone.ActiveCfg = Debug|Any CPU
		{FCE514A2-47DF-42DF-BF7D-DE9DC2512B60}.Debug|iPhone.Build.0 = Debug|Any CPU
		{FCE514A2-47DF-42DF-BF7D-DE9DC2512B60}.Debug|iPhone.Deploy.0 = Debug|Any CPU
		{FCE514A2-47DF-42DF-BF7D-DE9DC2512B60}.Debug|iPhoneSimulator.ActiveCfg = Debug|Any CPU
		{FCE514A2-47DF-42DF-BF7D-DE9DC2512B60}.Debug|iPhoneSimulator.Build.0 = Debug|Any CPU
		{FCE514A2-47DF-42DF-BF7D-DE9DC2512B60}.Debug|iPhoneSimulator.Deploy.0 = Debug|Any CPU
		{FCE514A2-47DF-42DF-BF7D-DE9DC2512B60}.Debug|x64.ActiveCfg = Debug|Any CPU
		{FCE514A2-47DF-42DF-BF7D-DE9DC2512B60}.Debug|x64.Build.0 = Debug|Any CPU
		{FCE514A2-47DF-42DF-BF7D-DE9DC2512B60}.Debug|x64.Deploy.0 = Debug|Any CPU
		{FCE514A2-47DF-42DF-BF7D-DE9DC2512B60}.Debug|x86.ActiveCfg = Debug|Any CPU
		{FCE514A2-47DF-42DF-BF7D-DE9DC2512B60}.Debug|x86.Build.0 = Debug|Any CPU
		{FCE514A2-47DF-42DF-BF7D-DE9DC2512B60}.Debug|x86.Deploy.0 = Debug|Any CPU
		{FCE514A2-47DF-42DF-BF7D-DE9DC2512B60}.Release|Any CPU.ActiveCfg = Release|Any CPU
		{FCE514A2-47DF-42DF-BF7D-DE9DC2512B60}.Release|Any CPU.Build.0 = Release|Any CPU
		{FCE514A2-47DF-42DF-BF7D-DE9DC2512B60}.Release|Any CPU.Deploy.0 = Release|Any CPU
		{FCE514A2-47DF-42DF-BF7D-DE9DC2512B60}.Release|ARM.ActiveCfg = Release|Any CPU
		{FCE514A2-47DF-42DF-BF7D-DE9DC2512B60}.Release|ARM.Build.0 = Release|Any CPU
		{FCE514A2-47DF-42DF-BF7D-DE9DC2512B60}.Release|ARM.Deploy.0 = Release|Any CPU
		{FCE514A2-47DF-42DF-BF7D-DE9DC2512B60}.Release|iPhone.ActiveCfg = Release|Any CPU
		{FCE514A2-47DF-42DF-BF7D-DE9DC2512B60}.Release|iPhone.Build.0 = Release|Any CPU
		{FCE514A2-47DF-42DF-BF7D-DE9DC2512B60}.Release|iPhone.Deploy.0 = Release|Any CPU
		{FCE514A2-47DF-42DF-BF7D-DE9DC2512B60}.Release|iPhoneSimulator.ActiveCfg = Release|Any CPU
		{FCE514A2-47DF-42DF-BF7D-DE9DC2512B60}.Release|iPhoneSimulator.Build.0 = Release|Any CPU
		{FCE514A2-47DF-42DF-BF7D-DE9DC2512B60}.Release|iPhoneSimulator.Deploy.0 = Release|Any CPU
		{FCE514A2-47DF-42DF-BF7D-DE9DC2512B60}.Release|x64.ActiveCfg = Release|Any CPU
		{FCE514A2-47DF-42DF-BF7D-DE9DC2512B60}.Release|x64.Build.0 = Release|Any CPU
		{FCE514A2-47DF-42DF-BF7D-DE9DC2512B60}.Release|x64.Deploy.0 = Release|Any CPU
		{FCE514A2-47DF-42DF-BF7D-DE9DC2512B60}.Release|x86.ActiveCfg = Release|Any CPU
		{FCE514A2-47DF-42DF-BF7D-DE9DC2512B60}.Release|x86.Build.0 = Release|Any CPU
		{FCE514A2-47DF-42DF-BF7D-DE9DC2512B60}.Release|x86.Deploy.0 = Release|Any CPU
		{BA334ED1-35F3-4F27-8947-4A37A1703AC6}.Debug|Any CPU.ActiveCfg = Debug|iPhoneSimulator
		{BA334ED1-35F3-4F27-8947-4A37A1703AC6}.Debug|Any CPU.Build.0 = Debug|iPhoneSimulator
		{BA334ED1-35F3-4F27-8947-4A37A1703AC6}.Debug|Any CPU.Deploy.0 = Debug|iPhoneSimulator
		{BA334ED1-35F3-4F27-8947-4A37A1703AC6}.Debug|ARM.ActiveCfg = Debug|iPhone
		{BA334ED1-35F3-4F27-8947-4A37A1703AC6}.Debug|ARM.Build.0 = Debug|iPhone
		{BA334ED1-35F3-4F27-8947-4A37A1703AC6}.Debug|ARM.Deploy.0 = Debug|iPhone
		{BA334ED1-35F3-4F27-8947-4A37A1703AC6}.Debug|iPhone.ActiveCfg = Debug|iPhone
		{BA334ED1-35F3-4F27-8947-4A37A1703AC6}.Debug|iPhone.Build.0 = Debug|iPhone
		{BA334ED1-35F3-4F27-8947-4A37A1703AC6}.Debug|iPhone.Deploy.0 = Debug|iPhone
		{BA334ED1-35F3-4F27-8947-4A37A1703AC6}.Debug|iPhoneSimulator.ActiveCfg = Debug|iPhoneSimulator
		{BA334ED1-35F3-4F27-8947-4A37A1703AC6}.Debug|iPhoneSimulator.Build.0 = Debug|iPhoneSimulator
		{BA334ED1-35F3-4F27-8947-4A37A1703AC6}.Debug|iPhoneSimulator.Deploy.0 = Debug|iPhoneSimulator
		{BA334ED1-35F3-4F27-8947-4A37A1703AC6}.Debug|x64.ActiveCfg = Debug|iPhoneSimulator
		{BA334ED1-35F3-4F27-8947-4A37A1703AC6}.Debug|x64.Build.0 = Debug|iPhoneSimulator
		{BA334ED1-35F3-4F27-8947-4A37A1703AC6}.Debug|x64.Deploy.0 = Debug|iPhoneSimulator
		{BA334ED1-35F3-4F27-8947-4A37A1703AC6}.Debug|x86.ActiveCfg = Debug|iPhoneSimulator
		{BA334ED1-35F3-4F27-8947-4A37A1703AC6}.Debug|x86.Build.0 = Debug|iPhoneSimulator
		{BA334ED1-35F3-4F27-8947-4A37A1703AC6}.Debug|x86.Deploy.0 = Debug|iPhoneSimulator
		{BA334ED1-35F3-4F27-8947-4A37A1703AC6}.Release|Any CPU.ActiveCfg = Release|iPhoneSimulator
		{BA334ED1-35F3-4F27-8947-4A37A1703AC6}.Release|Any CPU.Build.0 = Release|iPhoneSimulator
		{BA334ED1-35F3-4F27-8947-4A37A1703AC6}.Release|Any CPU.Deploy.0 = Release|iPhoneSimulator
		{BA334ED1-35F3-4F27-8947-4A37A1703AC6}.Release|ARM.ActiveCfg = Release|iPhoneSimulator
		{BA334ED1-35F3-4F27-8947-4A37A1703AC6}.Release|ARM.Build.0 = Release|iPhoneSimulator
		{BA334ED1-35F3-4F27-8947-4A37A1703AC6}.Release|ARM.Deploy.0 = Release|iPhoneSimulator
		{BA334ED1-35F3-4F27-8947-4A37A1703AC6}.Release|iPhone.ActiveCfg = Release|iPhone
		{BA334ED1-35F3-4F27-8947-4A37A1703AC6}.Release|iPhone.Build.0 = Release|iPhone
		{BA334ED1-35F3-4F27-8947-4A37A1703AC6}.Release|iPhone.Deploy.0 = Release|iPhone
		{BA334ED1-35F3-4F27-8947-4A37A1703AC6}.Release|iPhoneSimulator.ActiveCfg = Release|iPhoneSimulator
		{BA334ED1-35F3-4F27-8947-4A37A1703AC6}.Release|iPhoneSimulator.Build.0 = Release|iPhoneSimulator
		{BA334ED1-35F3-4F27-8947-4A37A1703AC6}.Release|iPhoneSimulator.Deploy.0 = Release|iPhoneSimulator
		{BA334ED1-35F3-4F27-8947-4A37A1703AC6}.Release|x64.ActiveCfg = Release|iPhoneSimulator
		{BA334ED1-35F3-4F27-8947-4A37A1703AC6}.Release|x64.Build.0 = Release|iPhoneSimulator
		{BA334ED1-35F3-4F27-8947-4A37A1703AC6}.Release|x64.Deploy.0 = Release|iPhoneSimulator
		{BA334ED1-35F3-4F27-8947-4A37A1703AC6}.Release|x86.ActiveCfg = Release|iPhoneSimulator
		{BA334ED1-35F3-4F27-8947-4A37A1703AC6}.Release|x86.Build.0 = Release|iPhoneSimulator
		{BA334ED1-35F3-4F27-8947-4A37A1703AC6}.Release|x86.Deploy.0 = Release|iPhoneSimulator
		{B63FCDD5-9F21-4515-AA4D-E7EDB21EEF93}.Debug|Any CPU.ActiveCfg = Debug|Any CPU
		{B63FCDD5-9F21-4515-AA4D-E7EDB21EEF93}.Debug|Any CPU.Build.0 = Debug|Any CPU
		{B63FCDD5-9F21-4515-AA4D-E7EDB21EEF93}.Debug|Any CPU.Deploy.0 = Debug|Any CPU
		{B63FCDD5-9F21-4515-AA4D-E7EDB21EEF93}.Debug|ARM.ActiveCfg = Debug|Any CPU
		{B63FCDD5-9F21-4515-AA4D-E7EDB21EEF93}.Debug|ARM.Build.0 = Debug|Any CPU
		{B63FCDD5-9F21-4515-AA4D-E7EDB21EEF93}.Debug|ARM.Deploy.0 = Debug|Any CPU
		{B63FCDD5-9F21-4515-AA4D-E7EDB21EEF93}.Debug|iPhone.ActiveCfg = Debug|Any CPU
		{B63FCDD5-9F21-4515-AA4D-E7EDB21EEF93}.Debug|iPhone.Build.0 = Debug|Any CPU
		{B63FCDD5-9F21-4515-AA4D-E7EDB21EEF93}.Debug|iPhone.Deploy.0 = Debug|Any CPU
		{B63FCDD5-9F21-4515-AA4D-E7EDB21EEF93}.Debug|iPhoneSimulator.ActiveCfg = Debug|Any CPU
		{B63FCDD5-9F21-4515-AA4D-E7EDB21EEF93}.Debug|iPhoneSimulator.Build.0 = Debug|Any CPU
		{B63FCDD5-9F21-4515-AA4D-E7EDB21EEF93}.Debug|iPhoneSimulator.Deploy.0 = Debug|Any CPU
		{B63FCDD5-9F21-4515-AA4D-E7EDB21EEF93}.Debug|x64.ActiveCfg = Debug|Any CPU
		{B63FCDD5-9F21-4515-AA4D-E7EDB21EEF93}.Debug|x64.Build.0 = Debug|Any CPU
		{B63FCDD5-9F21-4515-AA4D-E7EDB21EEF93}.Debug|x64.Deploy.0 = Debug|Any CPU
		{B63FCDD5-9F21-4515-AA4D-E7EDB21EEF93}.Debug|x86.ActiveCfg = Debug|Any CPU
		{B63FCDD5-9F21-4515-AA4D-E7EDB21EEF93}.Debug|x86.Build.0 = Debug|Any CPU
		{B63FCDD5-9F21-4515-AA4D-E7EDB21EEF93}.Debug|x86.Deploy.0 = Debug|Any CPU
		{B63FCDD5-9F21-4515-AA4D-E7EDB21EEF93}.Release|Any CPU.ActiveCfg = Release|Any CPU
		{B63FCDD5-9F21-4515-AA4D-E7EDB21EEF93}.Release|Any CPU.Build.0 = Release|Any CPU
		{B63FCDD5-9F21-4515-AA4D-E7EDB21EEF93}.Release|Any CPU.Deploy.0 = Release|Any CPU
		{B63FCDD5-9F21-4515-AA4D-E7EDB21EEF93}.Release|ARM.ActiveCfg = Release|Any CPU
		{B63FCDD5-9F21-4515-AA4D-E7EDB21EEF93}.Release|ARM.Build.0 = Release|Any CPU
		{B63FCDD5-9F21-4515-AA4D-E7EDB21EEF93}.Release|ARM.Deploy.0 = Release|Any CPU
		{B63FCDD5-9F21-4515-AA4D-E7EDB21EEF93}.Release|iPhone.ActiveCfg = Release|Any CPU
		{B63FCDD5-9F21-4515-AA4D-E7EDB21EEF93}.Release|iPhone.Build.0 = Release|Any CPU
		{B63FCDD5-9F21-4515-AA4D-E7EDB21EEF93}.Release|iPhone.Deploy.0 = Release|Any CPU
		{B63FCDD5-9F21-4515-AA4D-E7EDB21EEF93}.Release|iPhoneSimulator.ActiveCfg = Release|Any CPU
		{B63FCDD5-9F21-4515-AA4D-E7EDB21EEF93}.Release|iPhoneSimulator.Build.0 = Release|Any CPU
		{B63FCDD5-9F21-4515-AA4D-E7EDB21EEF93}.Release|iPhoneSimulator.Deploy.0 = Release|Any CPU
		{B63FCDD5-9F21-4515-AA4D-E7EDB21EEF93}.Release|x64.ActiveCfg = Release|Any CPU
		{B63FCDD5-9F21-4515-AA4D-E7EDB21EEF93}.Release|x64.Build.0 = Release|Any CPU
		{B63FCDD5-9F21-4515-AA4D-E7EDB21EEF93}.Release|x64.Deploy.0 = Release|Any CPU
		{B63FCDD5-9F21-4515-AA4D-E7EDB21EEF93}.Release|x86.ActiveCfg = Release|Any CPU
		{B63FCDD5-9F21-4515-AA4D-E7EDB21EEF93}.Release|x86.Build.0 = Release|Any CPU
		{B63FCDD5-9F21-4515-AA4D-E7EDB21EEF93}.Release|x86.Deploy.0 = Release|Any CPU
		{469505BA-E830-4185-85A7-5A0315023485}.Debug|Any CPU.ActiveCfg = Debug|Any CPU
		{469505BA-E830-4185-85A7-5A0315023485}.Debug|Any CPU.Build.0 = Debug|Any CPU
		{469505BA-E830-4185-85A7-5A0315023485}.Debug|ARM.ActiveCfg = Debug|Any CPU
		{469505BA-E830-4185-85A7-5A0315023485}.Debug|ARM.Build.0 = Debug|Any CPU
		{469505BA-E830-4185-85A7-5A0315023485}.Debug|iPhone.ActiveCfg = Debug|Any CPU
		{469505BA-E830-4185-85A7-5A0315023485}.Debug|iPhone.Build.0 = Debug|Any CPU
		{469505BA-E830-4185-85A7-5A0315023485}.Debug|iPhoneSimulator.ActiveCfg = Debug|Any CPU
		{469505BA-E830-4185-85A7-5A0315023485}.Debug|iPhoneSimulator.Build.0 = Debug|Any CPU
		{469505BA-E830-4185-85A7-5A0315023485}.Debug|x64.ActiveCfg = Debug|Any CPU
		{469505BA-E830-4185-85A7-5A0315023485}.Debug|x64.Build.0 = Debug|Any CPU
		{469505BA-E830-4185-85A7-5A0315023485}.Debug|x86.ActiveCfg = Debug|Any CPU
		{469505BA-E830-4185-85A7-5A0315023485}.Debug|x86.Build.0 = Debug|Any CPU
		{469505BA-E830-4185-85A7-5A0315023485}.Release|Any CPU.ActiveCfg = Release|Any CPU
		{469505BA-E830-4185-85A7-5A0315023485}.Release|Any CPU.Build.0 = Release|Any CPU
		{469505BA-E830-4185-85A7-5A0315023485}.Release|ARM.ActiveCfg = Release|Any CPU
		{469505BA-E830-4185-85A7-5A0315023485}.Release|ARM.Build.0 = Release|Any CPU
		{469505BA-E830-4185-85A7-5A0315023485}.Release|iPhone.ActiveCfg = Release|Any CPU
		{469505BA-E830-4185-85A7-5A0315023485}.Release|iPhone.Build.0 = Release|Any CPU
		{469505BA-E830-4185-85A7-5A0315023485}.Release|iPhoneSimulator.ActiveCfg = Release|Any CPU
		{469505BA-E830-4185-85A7-5A0315023485}.Release|iPhoneSimulator.Build.0 = Release|Any CPU
		{469505BA-E830-4185-85A7-5A0315023485}.Release|x64.ActiveCfg = Release|Any CPU
		{469505BA-E830-4185-85A7-5A0315023485}.Release|x64.Build.0 = Release|Any CPU
		{469505BA-E830-4185-85A7-5A0315023485}.Release|x86.ActiveCfg = Release|Any CPU
		{469505BA-E830-4185-85A7-5A0315023485}.Release|x86.Build.0 = Release|Any CPU
		{893A088A-0233-4EBE-B63F-3230EED84CEA}.Debug|Any CPU.ActiveCfg = Debug|Any CPU
		{893A088A-0233-4EBE-B63F-3230EED84CEA}.Debug|Any CPU.Build.0 = Debug|Any CPU
		{893A088A-0233-4EBE-B63F-3230EED84CEA}.Debug|ARM.ActiveCfg = Debug|Any CPU
		{893A088A-0233-4EBE-B63F-3230EED84CEA}.Debug|ARM.Build.0 = Debug|Any CPU
		{893A088A-0233-4EBE-B63F-3230EED84CEA}.Debug|iPhone.ActiveCfg = Debug|Any CPU
		{893A088A-0233-4EBE-B63F-3230EED84CEA}.Debug|iPhone.Build.0 = Debug|Any CPU
		{893A088A-0233-4EBE-B63F-3230EED84CEA}.Debug|iPhoneSimulator.ActiveCfg = Debug|Any CPU
		{893A088A-0233-4EBE-B63F-3230EED84CEA}.Debug|iPhoneSimulator.Build.0 = Debug|Any CPU
		{893A088A-0233-4EBE-B63F-3230EED84CEA}.Debug|x64.ActiveCfg = Debug|Any CPU
		{893A088A-0233-4EBE-B63F-3230EED84CEA}.Debug|x64.Build.0 = Debug|Any CPU
		{893A088A-0233-4EBE-B63F-3230EED84CEA}.Debug|x86.ActiveCfg = Debug|Any CPU
		{893A088A-0233-4EBE-B63F-3230EED84CEA}.Debug|x86.Build.0 = Debug|Any CPU
		{893A088A-0233-4EBE-B63F-3230EED84CEA}.Release|Any CPU.ActiveCfg = Release|Any CPU
		{893A088A-0233-4EBE-B63F-3230EED84CEA}.Release|Any CPU.Build.0 = Release|Any CPU
		{893A088A-0233-4EBE-B63F-3230EED84CEA}.Release|ARM.ActiveCfg = Release|Any CPU
		{893A088A-0233-4EBE-B63F-3230EED84CEA}.Release|ARM.Build.0 = Release|Any CPU
		{893A088A-0233-4EBE-B63F-3230EED84CEA}.Release|iPhone.ActiveCfg = Release|Any CPU
		{893A088A-0233-4EBE-B63F-3230EED84CEA}.Release|iPhone.Build.0 = Release|Any CPU
		{893A088A-0233-4EBE-B63F-3230EED84CEA}.Release|iPhoneSimulator.ActiveCfg = Release|Any CPU
		{893A088A-0233-4EBE-B63F-3230EED84CEA}.Release|iPhoneSimulator.Build.0 = Release|Any CPU
		{893A088A-0233-4EBE-B63F-3230EED84CEA}.Release|x64.ActiveCfg = Release|Any CPU
		{893A088A-0233-4EBE-B63F-3230EED84CEA}.Release|x64.Build.0 = Release|Any CPU
		{893A088A-0233-4EBE-B63F-3230EED84CEA}.Release|x86.ActiveCfg = Release|Any CPU
		{893A088A-0233-4EBE-B63F-3230EED84CEA}.Release|x86.Build.0 = Release|Any CPU
		{8D66EF16-DEC8-4E08-9DBA-588708A409F1}.Debug|Any CPU.ActiveCfg = Debug|Any CPU
		{8D66EF16-DEC8-4E08-9DBA-588708A409F1}.Debug|Any CPU.Build.0 = Debug|Any CPU
		{8D66EF16-DEC8-4E08-9DBA-588708A409F1}.Debug|ARM.ActiveCfg = Debug|Any CPU
		{8D66EF16-DEC8-4E08-9DBA-588708A409F1}.Debug|ARM.Build.0 = Debug|Any CPU
		{8D66EF16-DEC8-4E08-9DBA-588708A409F1}.Debug|iPhone.ActiveCfg = Debug|Any CPU
		{8D66EF16-DEC8-4E08-9DBA-588708A409F1}.Debug|iPhone.Build.0 = Debug|Any CPU
		{8D66EF16-DEC8-4E08-9DBA-588708A409F1}.Debug|iPhoneSimulator.ActiveCfg = Debug|Any CPU
		{8D66EF16-DEC8-4E08-9DBA-588708A409F1}.Debug|iPhoneSimulator.Build.0 = Debug|Any CPU
		{8D66EF16-DEC8-4E08-9DBA-588708A409F1}.Debug|x64.ActiveCfg = Debug|Any CPU
		{8D66EF16-DEC8-4E08-9DBA-588708A409F1}.Debug|x64.Build.0 = Debug|Any CPU
		{8D66EF16-DEC8-4E08-9DBA-588708A409F1}.Debug|x86.ActiveCfg = Debug|Any CPU
		{8D66EF16-DEC8-4E08-9DBA-588708A409F1}.Debug|x86.Build.0 = Debug|Any CPU
		{8D66EF16-DEC8-4E08-9DBA-588708A409F1}.Release|Any CPU.ActiveCfg = Release|Any CPU
		{8D66EF16-DEC8-4E08-9DBA-588708A409F1}.Release|Any CPU.Build.0 = Release|Any CPU
		{8D66EF16-DEC8-4E08-9DBA-588708A409F1}.Release|ARM.ActiveCfg = Release|Any CPU
		{8D66EF16-DEC8-4E08-9DBA-588708A409F1}.Release|ARM.Build.0 = Release|Any CPU
		{8D66EF16-DEC8-4E08-9DBA-588708A409F1}.Release|iPhone.ActiveCfg = Release|Any CPU
		{8D66EF16-DEC8-4E08-9DBA-588708A409F1}.Release|iPhone.Build.0 = Release|Any CPU
		{8D66EF16-DEC8-4E08-9DBA-588708A409F1}.Release|iPhoneSimulator.ActiveCfg = Release|Any CPU
		{8D66EF16-DEC8-4E08-9DBA-588708A409F1}.Release|iPhoneSimulator.Build.0 = Release|Any CPU
		{8D66EF16-DEC8-4E08-9DBA-588708A409F1}.Release|x64.ActiveCfg = Release|Any CPU
		{8D66EF16-DEC8-4E08-9DBA-588708A409F1}.Release|x64.Build.0 = Release|Any CPU
		{8D66EF16-DEC8-4E08-9DBA-588708A409F1}.Release|x86.ActiveCfg = Release|Any CPU
		{8D66EF16-DEC8-4E08-9DBA-588708A409F1}.Release|x86.Build.0 = Release|Any CPU
		{B8105B21-B42A-4062-A4E2-76250FB2A165}.Debug|Any CPU.ActiveCfg = Debug|Any CPU
		{B8105B21-B42A-4062-A4E2-76250FB2A165}.Debug|Any CPU.Build.0 = Debug|Any CPU
		{B8105B21-B42A-4062-A4E2-76250FB2A165}.Debug|ARM.ActiveCfg = Debug|Any CPU
		{B8105B21-B42A-4062-A4E2-76250FB2A165}.Debug|ARM.Build.0 = Debug|Any CPU
		{B8105B21-B42A-4062-A4E2-76250FB2A165}.Debug|iPhone.ActiveCfg = Debug|Any CPU
		{B8105B21-B42A-4062-A4E2-76250FB2A165}.Debug|iPhone.Build.0 = Debug|Any CPU
		{B8105B21-B42A-4062-A4E2-76250FB2A165}.Debug|iPhoneSimulator.ActiveCfg = Debug|Any CPU
		{B8105B21-B42A-4062-A4E2-76250FB2A165}.Debug|iPhoneSimulator.Build.0 = Debug|Any CPU
		{B8105B21-B42A-4062-A4E2-76250FB2A165}.Debug|x64.ActiveCfg = Debug|Any CPU
		{B8105B21-B42A-4062-A4E2-76250FB2A165}.Debug|x64.Build.0 = Debug|Any CPU
		{B8105B21-B42A-4062-A4E2-76250FB2A165}.Debug|x86.ActiveCfg = Debug|Any CPU
		{B8105B21-B42A-4062-A4E2-76250FB2A165}.Debug|x86.Build.0 = Debug|Any CPU
		{B8105B21-B42A-4062-A4E2-76250FB2A165}.Release|Any CPU.ActiveCfg = Release|Any CPU
		{B8105B21-B42A-4062-A4E2-76250FB2A165}.Release|Any CPU.Build.0 = Release|Any CPU
		{B8105B21-B42A-4062-A4E2-76250FB2A165}.Release|ARM.ActiveCfg = Release|Any CPU
		{B8105B21-B42A-4062-A4E2-76250FB2A165}.Release|ARM.Build.0 = Release|Any CPU
		{B8105B21-B42A-4062-A4E2-76250FB2A165}.Release|iPhone.ActiveCfg = Release|Any CPU
		{B8105B21-B42A-4062-A4E2-76250FB2A165}.Release|iPhone.Build.0 = Release|Any CPU
		{B8105B21-B42A-4062-A4E2-76250FB2A165}.Release|iPhoneSimulator.ActiveCfg = Release|Any CPU
		{B8105B21-B42A-4062-A4E2-76250FB2A165}.Release|iPhoneSimulator.Build.0 = Release|Any CPU
		{B8105B21-B42A-4062-A4E2-76250FB2A165}.Release|x64.ActiveCfg = Release|Any CPU
		{B8105B21-B42A-4062-A4E2-76250FB2A165}.Release|x64.Build.0 = Release|Any CPU
		{B8105B21-B42A-4062-A4E2-76250FB2A165}.Release|x86.ActiveCfg = Release|Any CPU
		{B8105B21-B42A-4062-A4E2-76250FB2A165}.Release|x86.Build.0 = Release|Any CPU
		{69FA1C26-86D9-4BB8-A85F-13E23C97E7E1}.Debug|Any CPU.ActiveCfg = Debug|Any CPU
		{69FA1C26-86D9-4BB8-A85F-13E23C97E7E1}.Debug|Any CPU.Build.0 = Debug|Any CPU
		{69FA1C26-86D9-4BB8-A85F-13E23C97E7E1}.Debug|ARM.ActiveCfg = Debug|Any CPU
		{69FA1C26-86D9-4BB8-A85F-13E23C97E7E1}.Debug|ARM.Build.0 = Debug|Any CPU
		{69FA1C26-86D9-4BB8-A85F-13E23C97E7E1}.Debug|iPhone.ActiveCfg = Debug|Any CPU
		{69FA1C26-86D9-4BB8-A85F-13E23C97E7E1}.Debug|iPhone.Build.0 = Debug|Any CPU
		{69FA1C26-86D9-4BB8-A85F-13E23C97E7E1}.Debug|iPhoneSimulator.ActiveCfg = Debug|Any CPU
		{69FA1C26-86D9-4BB8-A85F-13E23C97E7E1}.Debug|iPhoneSimulator.Build.0 = Debug|Any CPU
		{69FA1C26-86D9-4BB8-A85F-13E23C97E7E1}.Debug|x64.ActiveCfg = Debug|Any CPU
		{69FA1C26-86D9-4BB8-A85F-13E23C97E7E1}.Debug|x64.Build.0 = Debug|Any CPU
		{69FA1C26-86D9-4BB8-A85F-13E23C97E7E1}.Debug|x86.ActiveCfg = Debug|Any CPU
		{69FA1C26-86D9-4BB8-A85F-13E23C97E7E1}.Debug|x86.Build.0 = Debug|Any CPU
		{69FA1C26-86D9-4BB8-A85F-13E23C97E7E1}.Release|Any CPU.ActiveCfg = Release|Any CPU
		{69FA1C26-86D9-4BB8-A85F-13E23C97E7E1}.Release|Any CPU.Build.0 = Release|Any CPU
		{69FA1C26-86D9-4BB8-A85F-13E23C97E7E1}.Release|ARM.ActiveCfg = Release|Any CPU
		{69FA1C26-86D9-4BB8-A85F-13E23C97E7E1}.Release|ARM.Build.0 = Release|Any CPU
		{69FA1C26-86D9-4BB8-A85F-13E23C97E7E1}.Release|iPhone.ActiveCfg = Release|Any CPU
		{69FA1C26-86D9-4BB8-A85F-13E23C97E7E1}.Release|iPhone.Build.0 = Release|Any CPU
		{69FA1C26-86D9-4BB8-A85F-13E23C97E7E1}.Release|iPhoneSimulator.ActiveCfg = Release|Any CPU
		{69FA1C26-86D9-4BB8-A85F-13E23C97E7E1}.Release|iPhoneSimulator.Build.0 = Release|Any CPU
		{69FA1C26-86D9-4BB8-A85F-13E23C97E7E1}.Release|x64.ActiveCfg = Release|Any CPU
		{69FA1C26-86D9-4BB8-A85F-13E23C97E7E1}.Release|x64.Build.0 = Release|Any CPU
		{69FA1C26-86D9-4BB8-A85F-13E23C97E7E1}.Release|x86.ActiveCfg = Release|Any CPU
		{69FA1C26-86D9-4BB8-A85F-13E23C97E7E1}.Release|x86.Build.0 = Release|Any CPU
		{C9C07B60-6F78-4356-9A53-D86C2AC5A6CF}.Debug|Any CPU.ActiveCfg = Debug|Any CPU
		{C9C07B60-6F78-4356-9A53-D86C2AC5A6CF}.Debug|Any CPU.Build.0 = Debug|Any CPU
		{C9C07B60-6F78-4356-9A53-D86C2AC5A6CF}.Debug|ARM.ActiveCfg = Debug|Any CPU
		{C9C07B60-6F78-4356-9A53-D86C2AC5A6CF}.Debug|ARM.Build.0 = Debug|Any CPU
		{C9C07B60-6F78-4356-9A53-D86C2AC5A6CF}.Debug|iPhone.ActiveCfg = Debug|Any CPU
		{C9C07B60-6F78-4356-9A53-D86C2AC5A6CF}.Debug|iPhone.Build.0 = Debug|Any CPU
		{C9C07B60-6F78-4356-9A53-D86C2AC5A6CF}.Debug|iPhoneSimulator.ActiveCfg = Debug|Any CPU
		{C9C07B60-6F78-4356-9A53-D86C2AC5A6CF}.Debug|iPhoneSimulator.Build.0 = Debug|Any CPU
		{C9C07B60-6F78-4356-9A53-D86C2AC5A6CF}.Debug|x64.ActiveCfg = Debug|Any CPU
		{C9C07B60-6F78-4356-9A53-D86C2AC5A6CF}.Debug|x64.Build.0 = Debug|Any CPU
		{C9C07B60-6F78-4356-9A53-D86C2AC5A6CF}.Debug|x86.ActiveCfg = Debug|Any CPU
		{C9C07B60-6F78-4356-9A53-D86C2AC5A6CF}.Debug|x86.Build.0 = Debug|Any CPU
		{C9C07B60-6F78-4356-9A53-D86C2AC5A6CF}.Release|Any CPU.ActiveCfg = Release|Any CPU
		{C9C07B60-6F78-4356-9A53-D86C2AC5A6CF}.Release|Any CPU.Build.0 = Release|Any CPU
		{C9C07B60-6F78-4356-9A53-D86C2AC5A6CF}.Release|ARM.ActiveCfg = Release|Any CPU
		{C9C07B60-6F78-4356-9A53-D86C2AC5A6CF}.Release|ARM.Build.0 = Release|Any CPU
		{C9C07B60-6F78-4356-9A53-D86C2AC5A6CF}.Release|iPhone.ActiveCfg = Release|Any CPU
		{C9C07B60-6F78-4356-9A53-D86C2AC5A6CF}.Release|iPhone.Build.0 = Release|Any CPU
		{C9C07B60-6F78-4356-9A53-D86C2AC5A6CF}.Release|iPhoneSimulator.ActiveCfg = Release|Any CPU
		{C9C07B60-6F78-4356-9A53-D86C2AC5A6CF}.Release|iPhoneSimulator.Build.0 = Release|Any CPU
		{C9C07B60-6F78-4356-9A53-D86C2AC5A6CF}.Release|x64.ActiveCfg = Release|Any CPU
		{C9C07B60-6F78-4356-9A53-D86C2AC5A6CF}.Release|x64.Build.0 = Release|Any CPU
		{C9C07B60-6F78-4356-9A53-D86C2AC5A6CF}.Release|x86.ActiveCfg = Release|Any CPU
		{C9C07B60-6F78-4356-9A53-D86C2AC5A6CF}.Release|x86.Build.0 = Release|Any CPU
	EndGlobalSection
	GlobalSection(SolutionProperties) = preSolution
		HideSolutionNode = FALSE
	EndGlobalSection
	GlobalSection(NestedProjects) = preSolution
		{469505BA-E830-4185-85A7-5A0315023485} = {1F029789-F5E0-4F90-8637-DF1F0EA07A99}
		{893A088A-0233-4EBE-B63F-3230EED84CEA} = {1F029789-F5E0-4F90-8637-DF1F0EA07A99}
		{AB549F83-812F-4A82-B7A4-18FCF1FEDF7B} = {A083E01A-BB88-4400-877D-6E592829B463}
		{09F1CCAE-9498-45CE-9E12-FD175A1177E8} = {A083E01A-BB88-4400-877D-6E592829B463}
		{8D66EF16-DEC8-4E08-9DBA-588708A409F1} = {09F1CCAE-9498-45CE-9E12-FD175A1177E8}
		{B8105B21-B42A-4062-A4E2-76250FB2A165} = {AB549F83-812F-4A82-B7A4-18FCF1FEDF7B}
		{69FA1C26-86D9-4BB8-A85F-13E23C97E7E1} = {A2E751CA-D1F3-4759-A345-364391564429}
		{C9C07B60-6F78-4356-9A53-D86C2AC5A6CF} = {1F029789-F5E0-4F90-8637-DF1F0EA07A99}
	EndGlobalSection
	GlobalSection(ExtensibilityGlobals) = postSolution
		SolutionGuid = {4AFFA4C0-E45B-434F-B639-B5579A059728}
	EndGlobalSection
EndGlobal
